// !$*UTF8*$!
{
	archiveVersion = 1;
	classes = {
	};
	objectVersion = 46;
	objects = {

/* Begin PBXBuildFile section */
		0E893F71228DF5CDDEC123B0 /* Pods_BaseApp_iOS.framework in Frameworks */ = {isa = PBXBuildFile; fileRef = 3A3A55BBD8A00BB493884CE9 /* Pods_BaseApp_iOS.framework */; };
		1B4D95411E9D1FE800C17A24 /* AppDelegate.swift in Sources */ = {isa = PBXBuildFile; fileRef = 1B4D95401E9D1FE800C17A24 /* AppDelegate.swift */; };
		1B4D95431E9D1FE800C17A24 /* ViewController.swift in Sources */ = {isa = PBXBuildFile; fileRef = 1B4D95421E9D1FE800C17A24 /* ViewController.swift */; };
		1B4D95461E9D1FE800C17A24 /* Main.storyboard in Resources */ = {isa = PBXBuildFile; fileRef = 1B4D95441E9D1FE800C17A24 /* Main.storyboard */; };
		1B4D95481E9D1FE800C17A24 /* Assets.xcassets in Resources */ = {isa = PBXBuildFile; fileRef = 1B4D95471E9D1FE800C17A24 /* Assets.xcassets */; };
		1B4D954B1E9D1FE800C17A24 /* LaunchScreen.storyboard in Resources */ = {isa = PBXBuildFile; fileRef = 1B4D95491E9D1FE800C17A24 /* LaunchScreen.storyboard */; };
		1B4D95591E9D275500C17A24 /* BaseViewController.swift in Sources */ = {isa = PBXBuildFile; fileRef = 1B4D95581E9D275500C17A24 /* BaseViewController.swift */; };
		1B4D955D1E9D27ED00C17A24 /* AccessToken.swift in Sources */ = {isa = PBXBuildFile; fileRef = 1B4D955C1E9D27ED00C17A24 /* AccessToken.swift */; };
		1B4D955F1E9D284800C17A24 /* ApiClient.swift in Sources */ = {isa = PBXBuildFile; fileRef = 1B4D955E1E9D284800C17A24 /* ApiClient.swift */; };
		1B4D95611E9D28A600C17A24 /* BaseView.swift in Sources */ = {isa = PBXBuildFile; fileRef = 1B4D95601E9D28A600C17A24 /* BaseView.swift */; };
		1B4D95631E9D2B2900C17A24 /* Colors.swift in Sources */ = {isa = PBXBuildFile; fileRef = 1B4D95621E9D2B2900C17A24 /* Colors.swift */; };
		1B4D95661E9D2E1000C17A24 /* splash.mp4 in Resources */ = {isa = PBXBuildFile; fileRef = 1B4D95651E9D2E1000C17A24 /* splash.mp4 */; };
		1B4D95681E9D2EEF00C17A24 /* Application.plist in Resources */ = {isa = PBXBuildFile; fileRef = 1B4D95671E9D2EEF00C17A24 /* Application.plist */; };
		1B4D956A1E9D2FF100C17A24 /* Application-example.plist in Resources */ = {isa = PBXBuildFile; fileRef = 1B4D95691E9D2FF100C17A24 /* Application-example.plist */; };
		1B4D956C1E9D306600C17A24 /* Initializer.swift in Sources */ = {isa = PBXBuildFile; fileRef = 1B4D956B1E9D306600C17A24 /* Initializer.swift */; };
		1B4D956E1E9D372800C17A24 /* LoginPresenter.swift in Sources */ = {isa = PBXBuildFile; fileRef = 1B4D956D1E9D372800C17A24 /* LoginPresenter.swift */; };
		1B4D95711E9D378600C17A24 /* LoginController.swift in Sources */ = {isa = PBXBuildFile; fileRef = 1B4D956F1E9D378600C17A24 /* LoginController.swift */; };
		1B4D95721E9D378600C17A24 /* LoginController.xib in Resources */ = {isa = PBXBuildFile; fileRef = 1B4D95701E9D378600C17A24 /* LoginController.xib */; };
		1B4D95741E9D3B2900C17A24 /* BasePresenter.swift in Sources */ = {isa = PBXBuildFile; fileRef = 1B4D95731E9D3B2900C17A24 /* BasePresenter.swift */; };
		1B4D95771E9D3D8000C17A24 /* LoginService.swift in Sources */ = {isa = PBXBuildFile; fileRef = 1B4D95761E9D3D8000C17A24 /* LoginService.swift */; };
		1B4D957A1E9D407100C17A24 /* Alerts.swift in Sources */ = {isa = PBXBuildFile; fileRef = 1B4D95791E9D407100C17A24 /* Alerts.swift */; };
		1B4D957E1E9D4D2200C17A24 /* SplashVideoController.swift in Sources */ = {isa = PBXBuildFile; fileRef = 1B4D957D1E9D4D2200C17A24 /* SplashVideoController.swift */; };
		1B4D95861E9D587A00C17A24 /* BaseApp_iOSTests.swift in Sources */ = {isa = PBXBuildFile; fileRef = 1B4D95851E9D587A00C17A24 /* BaseApp_iOSTests.swift */; };
		1B4D958E1E9D5A5500C17A24 /* LoginPresenterTests.swift in Sources */ = {isa = PBXBuildFile; fileRef = 1B4D958D1E9D5A5500C17A24 /* LoginPresenterTests.swift */; };
/* End PBXBuildFile section */

/* Begin PBXContainerItemProxy section */
		1B4D95881E9D587A00C17A24 /* PBXContainerItemProxy */ = {
			isa = PBXContainerItemProxy;
			containerPortal = 1B4D95351E9D1FE800C17A24 /* Project object */;
			proxyType = 1;
			remoteGlobalIDString = 1B4D953C1E9D1FE800C17A24;
			remoteInfo = "BaseApp-iOS";
		};
/* End PBXContainerItemProxy section */

/* Begin PBXFileReference section */
		1B4D953D1E9D1FE800C17A24 /* BaseApp-iOS.app */ = {isa = PBXFileReference; explicitFileType = wrapper.application; includeInIndex = 0; path = "BaseApp-iOS.app"; sourceTree = BUILT_PRODUCTS_DIR; };
		1B4D95401E9D1FE800C17A24 /* AppDelegate.swift */ = {isa = PBXFileReference; lastKnownFileType = sourcecode.swift; path = AppDelegate.swift; sourceTree = "<group>"; };
		1B4D95421E9D1FE800C17A24 /* ViewController.swift */ = {isa = PBXFileReference; lastKnownFileType = sourcecode.swift; path = ViewController.swift; sourceTree = "<group>"; };
		1B4D95451E9D1FE800C17A24 /* Base */ = {isa = PBXFileReference; lastKnownFileType = file.storyboard; name = Base; path = Base.lproj/Main.storyboard; sourceTree = "<group>"; };
		1B4D95471E9D1FE800C17A24 /* Assets.xcassets */ = {isa = PBXFileReference; lastKnownFileType = folder.assetcatalog; path = Assets.xcassets; sourceTree = "<group>"; };
		1B4D954A1E9D1FE800C17A24 /* Base */ = {isa = PBXFileReference; lastKnownFileType = file.storyboard; name = Base; path = Base.lproj/LaunchScreen.storyboard; sourceTree = "<group>"; };
		1B4D954C1E9D1FE800C17A24 /* Info.plist */ = {isa = PBXFileReference; lastKnownFileType = text.plist.xml; path = Info.plist; sourceTree = "<group>"; };
		1B4D95581E9D275500C17A24 /* BaseViewController.swift */ = {isa = PBXFileReference; fileEncoding = 4; lastKnownFileType = sourcecode.swift; path = BaseViewController.swift; sourceTree = "<group>"; };
		1B4D955C1E9D27ED00C17A24 /* AccessToken.swift */ = {isa = PBXFileReference; fileEncoding = 4; lastKnownFileType = sourcecode.swift; path = AccessToken.swift; sourceTree = "<group>"; };
		1B4D955E1E9D284800C17A24 /* ApiClient.swift */ = {isa = PBXFileReference; fileEncoding = 4; lastKnownFileType = sourcecode.swift; path = ApiClient.swift; sourceTree = "<group>"; };
		1B4D95601E9D28A600C17A24 /* BaseView.swift */ = {isa = PBXFileReference; fileEncoding = 4; lastKnownFileType = sourcecode.swift; path = BaseView.swift; sourceTree = "<group>"; };
		1B4D95621E9D2B2900C17A24 /* Colors.swift */ = {isa = PBXFileReference; fileEncoding = 4; lastKnownFileType = sourcecode.swift; path = Colors.swift; sourceTree = "<group>"; };
		1B4D95651E9D2E1000C17A24 /* splash.mp4 */ = {isa = PBXFileReference; lastKnownFileType = file; path = splash.mp4; sourceTree = "<group>"; };
		1B4D95671E9D2EEF00C17A24 /* Application.plist */ = {isa = PBXFileReference; fileEncoding = 4; lastKnownFileType = text.plist.xml; path = Application.plist; sourceTree = "<group>"; };
		1B4D95691E9D2FF100C17A24 /* Application-example.plist */ = {isa = PBXFileReference; fileEncoding = 4; lastKnownFileType = text.plist.xml; path = "Application-example.plist"; sourceTree = "<group>"; };
		1B4D956B1E9D306600C17A24 /* Initializer.swift */ = {isa = PBXFileReference; fileEncoding = 4; lastKnownFileType = sourcecode.swift; path = Initializer.swift; sourceTree = "<group>"; };
		1B4D956D1E9D372800C17A24 /* LoginPresenter.swift */ = {isa = PBXFileReference; fileEncoding = 4; lastKnownFileType = sourcecode.swift; path = LoginPresenter.swift; sourceTree = "<group>"; };
		1B4D956F1E9D378600C17A24 /* LoginController.swift */ = {isa = PBXFileReference; fileEncoding = 4; lastKnownFileType = sourcecode.swift; path = LoginController.swift; sourceTree = "<group>"; };
		1B4D95701E9D378600C17A24 /* LoginController.xib */ = {isa = PBXFileReference; fileEncoding = 4; lastKnownFileType = file.xib; path = LoginController.xib; sourceTree = "<group>"; };
		1B4D95731E9D3B2900C17A24 /* BasePresenter.swift */ = {isa = PBXFileReference; fileEncoding = 4; lastKnownFileType = sourcecode.swift; path = BasePresenter.swift; sourceTree = "<group>"; };
		1B4D95761E9D3D8000C17A24 /* LoginService.swift */ = {isa = PBXFileReference; fileEncoding = 4; lastKnownFileType = sourcecode.swift; path = LoginService.swift; sourceTree = "<group>"; };
		1B4D95791E9D407100C17A24 /* Alerts.swift */ = {isa = PBXFileReference; fileEncoding = 4; lastKnownFileType = sourcecode.swift; path = Alerts.swift; sourceTree = "<group>"; };
		1B4D957D1E9D4D2200C17A24 /* SplashVideoController.swift */ = {isa = PBXFileReference; fileEncoding = 4; lastKnownFileType = sourcecode.swift; path = SplashVideoController.swift; sourceTree = "<group>"; };
		1B4D95831E9D587A00C17A24 /* BaseApp-iOSTests.xctest */ = {isa = PBXFileReference; explicitFileType = wrapper.cfbundle; includeInIndex = 0; path = "BaseApp-iOSTests.xctest"; sourceTree = BUILT_PRODUCTS_DIR; };
		1B4D95851E9D587A00C17A24 /* BaseApp_iOSTests.swift */ = {isa = PBXFileReference; lastKnownFileType = sourcecode.swift; path = BaseApp_iOSTests.swift; sourceTree = "<group>"; };
		1B4D95871E9D587A00C17A24 /* Info.plist */ = {isa = PBXFileReference; lastKnownFileType = text.plist.xml; path = Info.plist; sourceTree = "<group>"; };
		1B4D958D1E9D5A5500C17A24 /* LoginPresenterTests.swift */ = {isa = PBXFileReference; fileEncoding = 4; lastKnownFileType = sourcecode.swift; path = LoginPresenterTests.swift; sourceTree = "<group>"; };
		3A3A55BBD8A00BB493884CE9 /* Pods_BaseApp_iOS.framework */ = {isa = PBXFileReference; explicitFileType = wrapper.framework; includeInIndex = 0; path = Pods_BaseApp_iOS.framework; sourceTree = BUILT_PRODUCTS_DIR; };
		3AD5C834EF38BF84C2E53521 /* Pods-BaseApp-iOS.release.xcconfig */ = {isa = PBXFileReference; includeInIndex = 1; lastKnownFileType = text.xcconfig; name = "Pods-BaseApp-iOS.release.xcconfig"; path = "Pods/Target Support Files/Pods-BaseApp-iOS/Pods-BaseApp-iOS.release.xcconfig"; sourceTree = "<group>"; };
		C9AC98210E4EB6BA3AF53580 /* Pods-BaseApp-iOS.debug.xcconfig */ = {isa = PBXFileReference; includeInIndex = 1; lastKnownFileType = text.xcconfig; name = "Pods-BaseApp-iOS.debug.xcconfig"; path = "Pods/Target Support Files/Pods-BaseApp-iOS/Pods-BaseApp-iOS.debug.xcconfig"; sourceTree = "<group>"; };
/* End PBXFileReference section */

/* Begin PBXFrameworksBuildPhase section */
		1B4D953A1E9D1FE800C17A24 /* Frameworks */ = {
			isa = PBXFrameworksBuildPhase;
			buildActionMask = 2147483647;
			files = (
				0E893F71228DF5CDDEC123B0 /* Pods_BaseApp_iOS.framework in Frameworks */,
			);
			runOnlyForDeploymentPostprocessing = 0;
		};
		1B4D95801E9D587A00C17A24 /* Frameworks */ = {
			isa = PBXFrameworksBuildPhase;
			buildActionMask = 2147483647;
			files = (
			);
			runOnlyForDeploymentPostprocessing = 0;
		};
/* End PBXFrameworksBuildPhase section */

/* Begin PBXGroup section */
		1B4D95341E9D1FE800C17A24 = {
			isa = PBXGroup;
			children = (
				1B4D953F1E9D1FE800C17A24 /* BaseApp-iOS */,
				1B4D95841E9D587A00C17A24 /* BaseApp-iOSTests */,
				1B4D953E1E9D1FE800C17A24 /* Products */,
				EFFAA0E6CF7E6F59D2D52A17 /* Pods */,
				4E910DE4A59D75B9E64743BB /* Frameworks */,
			);
			sourceTree = "<group>";
		};
		1B4D953E1E9D1FE800C17A24 /* Products */ = {
			isa = PBXGroup;
			children = (
				1B4D953D1E9D1FE800C17A24 /* BaseApp-iOS.app */,
				1B4D95831E9D587A00C17A24 /* BaseApp-iOSTests.xctest */,
			);
			name = Products;
			sourceTree = "<group>";
		};
		1B4D953F1E9D1FE800C17A24 /* BaseApp-iOS */ = {
			isa = PBXGroup;
			children = (
				1B4D95401E9D1FE800C17A24 /* AppDelegate.swift */,
				1B4D95551E9D24BF00C17A24 /* Config */,
				1B4D95491E9D1FE800C17A24 /* LaunchScreen.storyboard */,
				1B4D95441E9D1FE800C17A24 /* Main.storyboard */,
				1B4D95521E9D249700C17A24 /* Models */,
				1B4D95531E9D24A500C17A24 /* Network */,
				1B4D95561E9D24E600C17A24 /* Res */,
				1B4D95421E9D1FE800C17A24 /* ViewController.swift */,
				1B4D95541E9D24B000C17A24 /* Views */,
			);
			path = "BaseApp-iOS";
			sourceTree = "<group>";
		};
		1B4D95521E9D249700C17A24 /* Models */ = {
			isa = PBXGroup;
			children = (
				1B4D955C1E9D27ED00C17A24 /* AccessToken.swift */,
			);
			path = Models;
			sourceTree = "<group>";
		};
		1B4D95531E9D24A500C17A24 /* Network */ = {
			isa = PBXGroup;
			children = (
				1B4D955E1E9D284800C17A24 /* ApiClient.swift */,
			);
			path = Network;
			sourceTree = "<group>";
		};
		1B4D95541E9D24B000C17A24 /* Views */ = {
			isa = PBXGroup;
			children = (
				1B4D95781E9D403E00C17A24 /* Dialogs */,
				1B4D95751E9D3D4600C17A24 /* Services */,
				1B4D95641E9D2D7400C17A24 /* Presenters */,
				1B4D95571E9D271200C17A24 /* Controllers */,
				1B4D95601E9D28A600C17A24 /* BaseView.swift */,
			);
			path = Views;
			sourceTree = "<group>";
		};
		1B4D95551E9D24BF00C17A24 /* Config */ = {
			isa = PBXGroup;
			children = (
				1B4D95691E9D2FF100C17A24 /* Application-example.plist */,
				1B4D954C1E9D1FE800C17A24 /* Info.plist */,
				1B4D95621E9D2B2900C17A24 /* Colors.swift */,
				1B4D95671E9D2EEF00C17A24 /* Application.plist */,
				1B4D956B1E9D306600C17A24 /* Initializer.swift */,
			);
			path = Config;
			sourceTree = "<group>";
		};
		1B4D95561E9D24E600C17A24 /* Res */ = {
			isa = PBXGroup;
			children = (
				1B4D95651E9D2E1000C17A24 /* splash.mp4 */,
				1B4D95471E9D1FE800C17A24 /* Assets.xcassets */,
			);
			path = Res;
			sourceTree = "<group>";
		};
		1B4D95571E9D271200C17A24 /* Controllers */ = {
			isa = PBXGroup;
			children = (
				1B4D95581E9D275500C17A24 /* BaseViewController.swift */,
				1B4D956F1E9D378600C17A24 /* LoginController.swift */,
				1B4D95701E9D378600C17A24 /* LoginController.xib */,
				1B4D957D1E9D4D2200C17A24 /* SplashVideoController.swift */,
			);
			path = Controllers;
			sourceTree = "<group>";
		};
		1B4D95641E9D2D7400C17A24 /* Presenters */ = {
			isa = PBXGroup;
			children = (
				1B4D956D1E9D372800C17A24 /* LoginPresenter.swift */,
				1B4D95731E9D3B2900C17A24 /* BasePresenter.swift */,
			);
			path = Presenters;
			sourceTree = "<group>";
		};
		1B4D95751E9D3D4600C17A24 /* Services */ = {
			isa = PBXGroup;
			children = (
				1B4D95761E9D3D8000C17A24 /* LoginService.swift */,
			);
			path = Services;
			sourceTree = "<group>";
		};
		1B4D95781E9D403E00C17A24 /* Dialogs */ = {
			isa = PBXGroup;
			children = (
				1B4D95791E9D407100C17A24 /* Alerts.swift */,
			);
			path = Dialogs;
			sourceTree = "<group>";
		};
		1B4D95841E9D587A00C17A24 /* BaseApp-iOSTests */ = {
			isa = PBXGroup;
			children = (
				1B4D95851E9D587A00C17A24 /* BaseApp_iOSTests.swift */,
				1B4D95871E9D587A00C17A24 /* Info.plist */,
				1B4D958D1E9D5A5500C17A24 /* LoginPresenterTests.swift */,
			);
			path = "BaseApp-iOSTests";
			sourceTree = "<group>";
		};
		4E910DE4A59D75B9E64743BB /* Frameworks */ = {
			isa = PBXGroup;
			children = (
				3A3A55BBD8A00BB493884CE9 /* Pods_BaseApp_iOS.framework */,
			);
			name = Frameworks;
			sourceTree = "<group>";
		};
		EFFAA0E6CF7E6F59D2D52A17 /* Pods */ = {
			isa = PBXGroup;
			children = (
				C9AC98210E4EB6BA3AF53580 /* Pods-BaseApp-iOS.debug.xcconfig */,
				3AD5C834EF38BF84C2E53521 /* Pods-BaseApp-iOS.release.xcconfig */,
			);
			name = Pods;
			sourceTree = "<group>";
		};
/* End PBXGroup section */

/* Begin PBXNativeTarget section */
		1B4D953C1E9D1FE800C17A24 /* BaseApp-iOS */ = {
			isa = PBXNativeTarget;
			buildConfigurationList = 1B4D954F1E9D1FE800C17A24 /* Build configuration list for PBXNativeTarget "BaseApp-iOS" */;
			buildPhases = (
				E460A21486DCCC405FF5D525 /* [CP] Check Pods Manifest.lock */,
				1B4D95391E9D1FE800C17A24 /* Sources */,
				1B4D953A1E9D1FE800C17A24 /* Frameworks */,
				1B4D953B1E9D1FE800C17A24 /* Resources */,
				51D4FC41D9498A345C728CA6 /* [CP] Embed Pods Frameworks */,
				B0B76BAB0F9336A0B12F16D6 /* [CP] Copy Pods Resources */,
			);
			buildRules = (
			);
			dependencies = (
			);
			name = "BaseApp-iOS";
			productName = "BaseApp-iOS";
			productReference = 1B4D953D1E9D1FE800C17A24 /* BaseApp-iOS.app */;
			productType = "com.apple.product-type.application";
		};
		1B4D95821E9D587A00C17A24 /* BaseApp-iOSTests */ = {
			isa = PBXNativeTarget;
			buildConfigurationList = 1B4D958A1E9D587A00C17A24 /* Build configuration list for PBXNativeTarget "BaseApp-iOSTests" */;
			buildPhases = (
				1B4D957F1E9D587A00C17A24 /* Sources */,
				1B4D95801E9D587A00C17A24 /* Frameworks */,
				1B4D95811E9D587A00C17A24 /* Resources */,
			);
			buildRules = (
			);
			dependencies = (
				1B4D95891E9D587A00C17A24 /* PBXTargetDependency */,
			);
			name = "BaseApp-iOSTests";
			productName = "BaseApp-iOSTests";
			productReference = 1B4D95831E9D587A00C17A24 /* BaseApp-iOSTests.xctest */;
			productType = "com.apple.product-type.bundle.unit-test";
		};
/* End PBXNativeTarget section */

/* Begin PBXProject section */
		1B4D95351E9D1FE800C17A24 /* Project object */ = {
			isa = PBXProject;
			attributes = {
				LastSwiftUpdateCheck = 0830;
				LastUpgradeCheck = 0830;
				ORGANIZATIONNAME = BaseCompany;
				TargetAttributes = {
					1B4D953C1E9D1FE800C17A24 = {
						CreatedOnToolsVersion = 8.3.1;
						ProvisioningStyle = Automatic;
					};
					1B4D95821E9D587A00C17A24 = {
						CreatedOnToolsVersion = 8.3.1;
						ProvisioningStyle = Automatic;
						TestTargetID = 1B4D953C1E9D1FE800C17A24;
					};
				};
			};
			buildConfigurationList = 1B4D95381E9D1FE800C17A24 /* Build configuration list for PBXProject "BaseApp-iOS" */;
			compatibilityVersion = "Xcode 3.2";
			developmentRegion = English;
			hasScannedForEncodings = 0;
			knownRegions = (
				en,
				Base,
			);
			mainGroup = 1B4D95341E9D1FE800C17A24;
			productRefGroup = 1B4D953E1E9D1FE800C17A24 /* Products */;
			projectDirPath = "";
			projectRoot = "";
			targets = (
				1B4D953C1E9D1FE800C17A24 /* BaseApp-iOS */,
				1B4D95821E9D587A00C17A24 /* BaseApp-iOSTests */,
			);
		};
/* End PBXProject section */

/* Begin PBXResourcesBuildPhase section */
		1B4D953B1E9D1FE800C17A24 /* Resources */ = {
			isa = PBXResourcesBuildPhase;
			buildActionMask = 2147483647;
			files = (
				1B4D95681E9D2EEF00C17A24 /* Application.plist in Resources */,
				1B4D95661E9D2E1000C17A24 /* splash.mp4 in Resources */,
				1B4D954B1E9D1FE800C17A24 /* LaunchScreen.storyboard in Resources */,
				1B4D95721E9D378600C17A24 /* LoginController.xib in Resources */,
				1B4D95481E9D1FE800C17A24 /* Assets.xcassets in Resources */,
				1B4D956A1E9D2FF100C17A24 /* Application-example.plist in Resources */,
				1B4D95461E9D1FE800C17A24 /* Main.storyboard in Resources */,
			);
			runOnlyForDeploymentPostprocessing = 0;
		};
		1B4D95811E9D587A00C17A24 /* Resources */ = {
			isa = PBXResourcesBuildPhase;
			buildActionMask = 2147483647;
			files = (
			);
			runOnlyForDeploymentPostprocessing = 0;
		};
/* End PBXResourcesBuildPhase section */

/* Begin PBXShellScriptBuildPhase section */
		51D4FC41D9498A345C728CA6 /* [CP] Embed Pods Frameworks */ = {
			isa = PBXShellScriptBuildPhase;
			buildActionMask = 2147483647;
			files = (
			);
			inputPaths = (
			);
			name = "[CP] Embed Pods Frameworks";
			outputPaths = (
			);
			runOnlyForDeploymentPostprocessing = 0;
			shellPath = /bin/sh;
			shellScript = "\"${SRCROOT}/Pods/Target Support Files/Pods-BaseApp-iOS/Pods-BaseApp-iOS-frameworks.sh\"\n";
			showEnvVarsInLog = 0;
		};
		B0B76BAB0F9336A0B12F16D6 /* [CP] Copy Pods Resources */ = {
			isa = PBXShellScriptBuildPhase;
			buildActionMask = 2147483647;
			files = (
			);
			inputPaths = (
			);
			name = "[CP] Copy Pods Resources";
			outputPaths = (
			);
			runOnlyForDeploymentPostprocessing = 0;
			shellPath = /bin/sh;
			shellScript = "\"${SRCROOT}/Pods/Target Support Files/Pods-BaseApp-iOS/Pods-BaseApp-iOS-resources.sh\"\n";
			showEnvVarsInLog = 0;
		};
		E460A21486DCCC405FF5D525 /* [CP] Check Pods Manifest.lock */ = {
			isa = PBXShellScriptBuildPhase;
			buildActionMask = 2147483647;
			files = (
			);
			inputPaths = (
			);
			name = "[CP] Check Pods Manifest.lock";
			outputPaths = (
			);
			runOnlyForDeploymentPostprocessing = 0;
			shellPath = /bin/sh;
			shellScript = "diff \"${PODS_ROOT}/../Podfile.lock\" \"${PODS_ROOT}/Manifest.lock\" > /dev/null\nif [[ $? != 0 ]] ; then\n    cat << EOM\nerror: The sandbox is not in sync with the Podfile.lock. Run 'pod install' or update your CocoaPods installation.\nEOM\n    exit 1\nfi\n";
			showEnvVarsInLog = 0;
		};
/* End PBXShellScriptBuildPhase section */

/* Begin PBXSourcesBuildPhase section */
		1B4D95391E9D1FE800C17A24 /* Sources */ = {
			isa = PBXSourcesBuildPhase;
			buildActionMask = 2147483647;
			files = (
				1B4D956C1E9D306600C17A24 /* Initializer.swift in Sources */,
				1B4D95431E9D1FE800C17A24 /* ViewController.swift in Sources */,
				1B4D95411E9D1FE800C17A24 /* AppDelegate.swift in Sources */,
				1B4D956E1E9D372800C17A24 /* LoginPresenter.swift in Sources */,
				1B4D957E1E9D4D2200C17A24 /* SplashVideoController.swift in Sources */,
				1B4D95591E9D275500C17A24 /* BaseViewController.swift in Sources */,
				1B4D95631E9D2B2900C17A24 /* Colors.swift in Sources */,
				1B4D95611E9D28A600C17A24 /* BaseView.swift in Sources */,
				1B4D95771E9D3D8000C17A24 /* LoginService.swift in Sources */,
				1B4D957A1E9D407100C17A24 /* Alerts.swift in Sources */,
				1B4D955D1E9D27ED00C17A24 /* AccessToken.swift in Sources */,
				1B4D955F1E9D284800C17A24 /* ApiClient.swift in Sources */,
				1B4D95711E9D378600C17A24 /* LoginController.swift in Sources */,
				1B4D95741E9D3B2900C17A24 /* BasePresenter.swift in Sources */,
			);
			runOnlyForDeploymentPostprocessing = 0;
		};
		1B4D957F1E9D587A00C17A24 /* Sources */ = {
			isa = PBXSourcesBuildPhase;
			buildActionMask = 2147483647;
			files = (
				1B4D958E1E9D5A5500C17A24 /* LoginPresenterTests.swift in Sources */,
				1B4D95861E9D587A00C17A24 /* BaseApp_iOSTests.swift in Sources */,
			);
			runOnlyForDeploymentPostprocessing = 0;
		};
/* End PBXSourcesBuildPhase section */

/* Begin PBXTargetDependency section */
		1B4D95891E9D587A00C17A24 /* PBXTargetDependency */ = {
			isa = PBXTargetDependency;
			target = 1B4D953C1E9D1FE800C17A24 /* BaseApp-iOS */;
			targetProxy = 1B4D95881E9D587A00C17A24 /* PBXContainerItemProxy */;
		};
/* End PBXTargetDependency section */

/* Begin PBXVariantGroup section */
		1B4D95441E9D1FE800C17A24 /* Main.storyboard */ = {
			isa = PBXVariantGroup;
			children = (
				1B4D95451E9D1FE800C17A24 /* Base */,
			);
			name = Main.storyboard;
			sourceTree = "<group>";
		};
		1B4D95491E9D1FE800C17A24 /* LaunchScreen.storyboard */ = {
			isa = PBXVariantGroup;
			children = (
				1B4D954A1E9D1FE800C17A24 /* Base */,
			);
			name = LaunchScreen.storyboard;
			sourceTree = "<group>";
		};
/* End PBXVariantGroup section */

/* Begin XCBuildConfiguration section */
		1B4D954D1E9D1FE800C17A24 /* Debug */ = {
			isa = XCBuildConfiguration;
			buildSettings = {
				ALWAYS_SEARCH_USER_PATHS = NO;
				CLANG_ANALYZER_NONNULL = YES;
				CLANG_ANALYZER_NUMBER_OBJECT_CONVERSION = YES_AGGRESSIVE;
				CLANG_CXX_LANGUAGE_STANDARD = "gnu++0x";
				CLANG_CXX_LIBRARY = "libc++";
				CLANG_ENABLE_MODULES = YES;
				CLANG_ENABLE_OBJC_ARC = YES;
				CLANG_WARN_BOOL_CONVERSION = YES;
				CLANG_WARN_CONSTANT_CONVERSION = YES;
				CLANG_WARN_DIRECT_OBJC_ISA_USAGE = YES_ERROR;
				CLANG_WARN_DOCUMENTATION_COMMENTS = YES;
				CLANG_WARN_EMPTY_BODY = YES;
				CLANG_WARN_ENUM_CONVERSION = YES;
				CLANG_WARN_INFINITE_RECURSION = YES;
				CLANG_WARN_INT_CONVERSION = YES;
				CLANG_WARN_OBJC_ROOT_CLASS = YES_ERROR;
				CLANG_WARN_SUSPICIOUS_MOVE = YES;
				CLANG_WARN_UNREACHABLE_CODE = YES;
				CLANG_WARN__DUPLICATE_METHOD_MATCH = YES;
				"CODE_SIGN_IDENTITY[sdk=iphoneos*]" = "iPhone Developer";
				COPY_PHASE_STRIP = NO;
				DEBUG_INFORMATION_FORMAT = dwarf;
				ENABLE_STRICT_OBJC_MSGSEND = YES;
				ENABLE_TESTABILITY = YES;
				GCC_C_LANGUAGE_STANDARD = gnu99;
				GCC_DYNAMIC_NO_PIC = NO;
				GCC_NO_COMMON_BLOCKS = YES;
				GCC_OPTIMIZATION_LEVEL = 0;
				GCC_PREPROCESSOR_DEFINITIONS = (
					"DEBUG=1",
					"$(inherited)",
				);
				GCC_WARN_64_TO_32_BIT_CONVERSION = YES;
				GCC_WARN_ABOUT_RETURN_TYPE = YES_ERROR;
				GCC_WARN_UNDECLARED_SELECTOR = YES;
				GCC_WARN_UNINITIALIZED_AUTOS = YES_AGGRESSIVE;
				GCC_WARN_UNUSED_FUNCTION = YES;
				GCC_WARN_UNUSED_VARIABLE = YES;
				IPHONEOS_DEPLOYMENT_TARGET = 10.3;
				MTL_ENABLE_DEBUG_INFO = YES;
				ONLY_ACTIVE_ARCH = YES;
				SDKROOT = iphoneos;
				SWIFT_ACTIVE_COMPILATION_CONDITIONS = DEBUG;
				SWIFT_OPTIMIZATION_LEVEL = "-Onone";
				TARGETED_DEVICE_FAMILY = "1,2";
			};
			name = Debug;
		};
		1B4D954E1E9D1FE800C17A24 /* Release */ = {
			isa = XCBuildConfiguration;
			buildSettings = {
				ALWAYS_SEARCH_USER_PATHS = NO;
				CLANG_ANALYZER_NONNULL = YES;
				CLANG_ANALYZER_NUMBER_OBJECT_CONVERSION = YES_AGGRESSIVE;
				CLANG_CXX_LANGUAGE_STANDARD = "gnu++0x";
				CLANG_CXX_LIBRARY = "libc++";
				CLANG_ENABLE_MODULES = YES;
				CLANG_ENABLE_OBJC_ARC = YES;
				CLANG_WARN_BOOL_CONVERSION = YES;
				CLANG_WARN_CONSTANT_CONVERSION = YES;
				CLANG_WARN_DIRECT_OBJC_ISA_USAGE = YES_ERROR;
				CLANG_WARN_DOCUMENTATION_COMMENTS = YES;
				CLANG_WARN_EMPTY_BODY = YES;
				CLANG_WARN_ENUM_CONVERSION = YES;
				CLANG_WARN_INFINITE_RECURSION = YES;
				CLANG_WARN_INT_CONVERSION = YES;
				CLANG_WARN_OBJC_ROOT_CLASS = YES_ERROR;
				CLANG_WARN_SUSPICIOUS_MOVE = YES;
				CLANG_WARN_UNREACHABLE_CODE = YES;
				CLANG_WARN__DUPLICATE_METHOD_MATCH = YES;
				"CODE_SIGN_IDENTITY[sdk=iphoneos*]" = "iPhone Developer";
				COPY_PHASE_STRIP = NO;
				DEBUG_INFORMATION_FORMAT = "dwarf-with-dsym";
				ENABLE_NS_ASSERTIONS = NO;
				ENABLE_STRICT_OBJC_MSGSEND = YES;
				GCC_C_LANGUAGE_STANDARD = gnu99;
				GCC_NO_COMMON_BLOCKS = YES;
				GCC_WARN_64_TO_32_BIT_CONVERSION = YES;
				GCC_WARN_ABOUT_RETURN_TYPE = YES_ERROR;
				GCC_WARN_UNDECLARED_SELECTOR = YES;
				GCC_WARN_UNINITIALIZED_AUTOS = YES_AGGRESSIVE;
				GCC_WARN_UNUSED_FUNCTION = YES;
				GCC_WARN_UNUSED_VARIABLE = YES;
				IPHONEOS_DEPLOYMENT_TARGET = 10.3;
				MTL_ENABLE_DEBUG_INFO = NO;
				SDKROOT = iphoneos;
				SWIFT_OPTIMIZATION_LEVEL = "-Owholemodule";
				TARGETED_DEVICE_FAMILY = "1,2";
				VALIDATE_PRODUCT = YES;
			};
			name = Release;
		};
		1B4D95501E9D1FE800C17A24 /* Debug */ = {
			isa = XCBuildConfiguration;
			baseConfigurationReference = C9AC98210E4EB6BA3AF53580 /* Pods-BaseApp-iOS.debug.xcconfig */;
			buildSettings = {
				ASSETCATALOG_COMPILER_APPICON_NAME = AppIcon;
				INFOPLIST_FILE = "$(SRCROOT)/BaseApp-iOS/Config/Info.plist";
				LD_RUNPATH_SEARCH_PATHS = "$(inherited) @executable_path/Frameworks";
				PRODUCT_BUNDLE_IDENTIFIER = "com.basecompany.BaseApp-iOS";
				PRODUCT_NAME = "$(TARGET_NAME)";
				SWIFT_VERSION = 3.0;
			};
			name = Debug;
		};
		1B4D95511E9D1FE800C17A24 /* Release */ = {
			isa = XCBuildConfiguration;
			baseConfigurationReference = 3AD5C834EF38BF84C2E53521 /* Pods-BaseApp-iOS.release.xcconfig */;
			buildSettings = {
				ASSETCATALOG_COMPILER_APPICON_NAME = AppIcon;
				INFOPLIST_FILE = "$(SRCROOT)/BaseApp-iOS/Config/Info.plist";
				LD_RUNPATH_SEARCH_PATHS = "$(inherited) @executable_path/Frameworks";
				PRODUCT_BUNDLE_IDENTIFIER = "com.basecompany.BaseApp-iOS";
				PRODUCT_NAME = "$(TARGET_NAME)";
				SWIFT_VERSION = 3.0;
			};
			name = Release;
		};
		1B4D958B1E9D587A00C17A24 /* Debug */ = {
			isa = XCBuildConfiguration;
			buildSettings = {
				BUNDLE_LOADER = "$(TEST_HOST)";
				INFOPLIST_FILE = "BaseApp-iOSTests/Info.plist";
				LD_RUNPATH_SEARCH_PATHS = "$(inherited) @executable_path/Frameworks @loader_path/Frameworks";
				PRODUCT_BUNDLE_IDENTIFIER = "com.basecompany.BaseApp-iOSTests";
				PRODUCT_NAME = "$(TARGET_NAME)";
				SWIFT_VERSION = 3.0;
				TEST_HOST = "$(BUILT_PRODUCTS_DIR)/BaseApp-iOS.app/BaseApp-iOS";
			};
			name = Debug;
		};
		1B4D958C1E9D587A00C17A24 /* Release */ = {
			isa = XCBuildConfiguration;
			buildSettings = {
				BUNDLE_LOADER = "$(TEST_HOST)";
				INFOPLIST_FILE = "BaseApp-iOSTests/Info.plist";
				LD_RUNPATH_SEARCH_PATHS = "$(inherited) @executable_path/Frameworks @loader_path/Frameworks";
				PRODUCT_BUNDLE_IDENTIFIER = "com.basecompany.BaseApp-iOSTests";
				PRODUCT_NAME = "$(TARGET_NAME)";
				SWIFT_VERSION = 3.0;
				TEST_HOST = "$(BUILT_PRODUCTS_DIR)/BaseApp-iOS.app/BaseApp-iOS";
			};
			name = Release;
		};
/* End XCBuildConfiguration section */

/* Begin XCConfigurationList section */
		1B4D95381E9D1FE800C17A24 /* Build configuration list for PBXProject "BaseApp-iOS" */ = {
			isa = XCConfigurationList;
			buildConfigurations = (
				1B4D954D1E9D1FE800C17A24 /* Debug */,
				1B4D954E1E9D1FE800C17A24 /* Release */,
			);
			defaultConfigurationIsVisible = 0;
			defaultConfigurationName = Release;
		};
		1B4D954F1E9D1FE800C17A24 /* Build configuration list for PBXNativeTarget "BaseApp-iOS" */ = {
			isa = XCConfigurationList;
			buildConfigurations = (
				1B4D95501E9D1FE800C17A24 /* Debug */,
				1B4D95511E9D1FE800C17A24 /* Release */,
			);
			defaultConfigurationIsVisible = 0;
			defaultConfigurationName = Release;
		};
		1B4D958A1E9D587A00C17A24 /* Build configuration list for PBXNativeTarget "BaseApp-iOSTests" */ = {
			isa = XCConfigurationList;
			buildConfigurations = (
				1B4D958B1E9D587A00C17A24 /* Debug */,
				1B4D958C1E9D587A00C17A24 /* Release */,
			);
			defaultConfigurationIsVisible = 0;
		};
/* End XCConfigurationList section */
	};
	rootObject = 1B4D95351E9D1FE800C17A24 /* Project object */;
}
